
Microsoft Visual Studio Solution File, Format Version 12.00
# Visual Studio Version 17
VisualStudioVersion = 17.0.32014.148
MinimumVisualStudioVersion = 10.0.40219.1
Project("{9A19103F-16F7-4668-BE54-9A1E7A4F7556}") = "WebApi", "WebApi.csproj", "{E4BB446D-3689-49F4-9BE9-356E7C1BA7DC}"
EndProject
Project("{FAE04EC0-301F-11D3-BF4B-00C04F79EFBC}") = "DataAccess", "..\DataAccess\DataAccess.csproj", "{0B1FC3F5-5AED-4427-B293-1F9500F5EDDB}"
EndProject
Project("{FAE04EC0-301F-11D3-BF4B-00C04F79EFBC}") = "Common", "..\Common\Common.csproj", "{BCAE6239-8B5D-478A-A1DE-97DFF81D03E3}"
EndProject
Global
	GlobalSection(SolutionConfigurationPlatforms) = preSolution
		Debug|Any CPU = Debug|Any CPU
		Release|Any CPU = Release|Any CPU
	EndGlobalSection
	GlobalSection(ProjectConfigurationPlatforms) = postSolution
		{E4BB446D-3689-49F4-9BE9-356E7C1BA7DC}.Debug|Any CPU.ActiveCfg = Debug|Any CPU
		{E4BB446D-3689-49F4-9BE9-356E7C1BA7DC}.Debug|Any CPU.Build.0 = Debug|Any CPU
		{E4BB446D-3689-49F4-9BE9-356E7C1BA7DC}.Release|Any CPU.ActiveCfg = Release|Any CPU
		{E4BB446D-3689-49F4-9BE9-356E7C1BA7DC}.Release|Any CPU.Build.0 = Release|Any CPU
		{0B1FC3F5-5AED-4427-B293-1F9500F5EDDB}.Debug|Any CPU.ActiveCfg = Debug|Any CPU
		{0B1FC3F5-5AED-4427-B293-1F9500F5EDDB}.Debug|Any CPU.Build.0 = Debug|Any CPU
		{0B1FC3F5-5AED-4427-B293-1F9500F5EDDB}.Release|Any CPU.ActiveCfg = Release|Any CPU
		{0B1FC3F5-5AED-4427-B293-1F9500F5EDDB}.Release|Any CPU.Build.0 = Release|Any CPU
		{BCAE6239-8B5D-478A-A1DE-97DFF81D03E3}.Debug|Any CPU.ActiveCfg = Debug|Any CPU
		{BCAE6239-8B5D-478A-A1DE-97DFF81D03E3}.Debug|Any CPU.Build.0 = Debug|Any CPU
		{BCAE6239-8B5D-478A-A1DE-97DFF81D03E3}.Release|Any CPU.ActiveCfg = Release|Any CPU
		{BCAE6239-8B5D-478A-A1DE-97DFF81D03E3}.Release|Any CPU.Build.0 = Release|Any CPU
	EndGlobalSection
	GlobalSection(SolutionProperties) = preSolution
		HideSolutionNode = FALSE
	EndGlobalSection
	GlobalSection(ExtensibilityGlobals) = postSolution
		SolutionGuid = {D8702FF9-45B2-4FF3-84CB-D56CA43249E5}
	EndGlobalSection
EndGlobal
